
Microsoft Visual Studio Solution File, Format Version 12.00
Project("{FAE04EC0-301F-11D3-BF4B-00C04F79EFBC}") = "ShapeLib", "ShapeLib\ShapeLib.csproj", "{422485C8-A8C9-4C4D-9385-DD8D07B58F8E}"
EndProject
Project("{FAE04EC0-301F-11D3-BF4B-00C04F79EFBC}") = "ShapeLibTests", "ShapeLibTests\ShapeLibTests.csproj", "{4CD2DC7F-59E4-4580-A326-079EB855EE10}"
EndProject
Global
	GlobalSection(SolutionConfigurationPlatforms) = preSolution
		Debug|Any CPU = Debug|Any CPU
		Release|Any CPU = Release|Any CPU
	EndGlobalSection
	GlobalSection(ProjectConfigurationPlatforms) = postSolution
		{422485C8-A8C9-4C4D-9385-DD8D07B58F8E}.Debug|Any CPU.ActiveCfg = Debug|Any CPU
		{422485C8-A8C9-4C4D-9385-DD8D07B58F8E}.Debug|Any CPU.Build.0 = Debug|Any CPU
		{422485C8-A8C9-4C4D-9385-DD8D07B58F8E}.Release|Any CPU.ActiveCfg = Release|Any CPU
		{422485C8-A8C9-4C4D-9385-DD8D07B58F8E}.Release|Any CPU.Build.0 = Release|Any CPU
		{4CD2DC7F-59E4-4580-A326-079EB855EE10}.Debug|Any CPU.ActiveCfg = Debug|Any CPU
		{4CD2DC7F-59E4-4580-A326-079EB855EE10}.Debug|Any CPU.Build.0 = Debug|Any CPU
		{4CD2DC7F-59E4-4580-A326-079EB855EE10}.Release|Any CPU.ActiveCfg = Release|Any CPU
		{4CD2DC7F-59E4-4580-A326-079EB855EE10}.Release|Any CPU.Build.0 = Release|Any CPU
	EndGlobalSection
EndGlobal
